<?xml version="1.0" encoding="utf-8"?>
<Project ToolsVersion="4.0" xmlns="http://schemas.microsoft.com/developer/msbuild/2003">
  <ItemGroup>
    <ClCompile Include="include\IwEngine\Physics\GameObject.cpp" />
    <ClCompile Include="include\IwEngine\Utility\IO\IO.h" />
    <ClCompile Include="src\Graphics\Display.cpp" />
    <ClCompile Include="src\Math\MathHelper.cpp" />
    <ClCompile Include="src\Math\Matrix2x2.cpp" />
    <ClCompile Include="src\Math\Matrix3x3.cpp" />
    <ClCompile Include="src\Math\Matrix4x4.cpp" />
    <ClCompile Include="src\Math\Quaternion.cpp" />
    <ClCompile Include="src\Math\Vector2.cpp" />
    <ClCompile Include="src\Math\Vector3.cpp" />
    <ClCompile Include="src\Math\Vector4.cpp" />
    <ClCompile Include="src\Object.cpp" />
    <ClCompile Include="src\Utility\IO\Directory.cpp" />
    <ClCompile Include="src\Utility\IO\File.cpp" />
    <ClCompile Include="src\Utility\IO\Path.cpp" />
    <ClCompile Include="src\Utility\Logger.cpp" />
  </ItemGroup>
  <ItemGroup>
    <ClInclude Include="include\IwEngine\Common.h" />
    <ClInclude Include="include\IwEngine\Graphics\Display.h" />
    <ClInclude Include="include\IwEngine\Math\Math.h" />
    <ClInclude Include="include\IwEngine\Math\MathHelper.h" />
    <ClInclude Include="include\IwEngine\Math\Matrix2x2.h" />
    <ClInclude Include="include\IwEngine\Math\Matrix3x3.h" />
    <ClInclude Include="include\IwEngine\Math\Matrix4x4.h" />
    <ClInclude Include="include\IwEngine\Math\Quaternion.h" />
    <ClInclude Include="include\IwEngine\Math\Vector2.h" />
    <ClInclude Include="include\IwEngine\Math\Vector3.h" />
    <ClInclude Include="include\IwEngine\Math\Vector4.h" />
    <ClInclude Include="include\IwEngine\Object.h" />
    <ClInclude Include="include\IwEngine\Physics\BounceCombine.h" />
    <ClInclude Include="include\IwEngine\Physics\Collider.h" />
    <ClInclude Include="include\IwEngine\Physics\CollisionDetectionMode.h" />
    <ClInclude Include="include\IwEngine\Physics\FrictionCombine.h" />
    <ClInclude Include="include\IwEngine\Physics\GameObject.h" />
    <ClInclude Include="include\IwEngine\Physics\PhysicsHelper.h" />
    <ClInclude Include="include\IwEngine\Physics\PhysicsMaterial.h" />
    <ClInclude Include="include\IwEngine\Physics\RigidBody.h" />
    <ClInclude Include="include\IwEngine\Utility\IO\Directory.h" />
    <ClInclude Include="include\IwEngine\Utility\IO\File.h" />
    <ClInclude Include="include\IwEngine\Utility\IO\Path.h" />
    <ClInclude Include="include\IwEngine\Utility\Logger.h" />
    <ClInclude Include="include\IwEngine\Utility\Color.h" />
    <ClInclude Include="include\IwEngine\Events\Observable.h" />
    <ClInclude Include="include\IwEngine\Events\Observer.h" />
  </ItemGroup>
</Project>